// !$*UTF8*$!
{
	archiveVersion = 1;
	classes = {
	};
	objectVersion = 77;
	objects = {

/* Begin PBXBuildFile section */
		A2143EED2FF2B234003C0285 /* BluetoothPrinter.swift in Sources */ = {isa = PBXBuildFile; fileRef = A2143ED92FF2B234003C0285 /* BluetoothPrinter.swift */; };
		A2143F3C3003EF8B003C0285 /* InvoicePDFRenderer.swift in Sources */ = {isa = PBXBuildFile; fileRef = A2143F3B3003EF8B003C0285 /* InvoicePDFRenderer.swift */; };
		A2143F3E300402C3003C0285 /* ThermalReceiptRenderer.swift in Sources */ = {isa = PBXBuildFile; fileRef = A2143F3D300402C3003C0285 /* ThermalReceiptRenderer.swift */; };
		A2143F42300407F9003C0285 /* ActivityView.swift in Sources */ = {isa = PBXBuildFile; fileRef = A2143F41300407F9003C0285 /* ActivityView.swift */; };
		A2143F44300461B7003C0285 /* EstimatePDFRenderer.swift in Sources */ = {isa = PBXBuildFile; fileRef = A2143F43300461B7003C0285 /* EstimatePDFRenderer.swift */; };
/* End PBXBuildFile section */

/* Begin PBXContainerItemProxy section */
		A246443F2FEB424900DFECC5 /* PBXContainerItemProxy */ = {
			isa = PBXContainerItemProxy;
			containerPortal = A24644292FEB424700DFECC5 /* Project object */;
			proxyType = 1;
			remoteGlobalIDString = A24644302FEB424700DFECC5;
			remoteInfo = "PPS Receipt Printer";
		};
		A24644492FEB424900DFECC5 /* PBXContainerItemProxy */ = {
			isa = PBXContainerItemProxy;
			containerPortal = A24644292FEB424700DFECC5 /* Project object */;
			proxyType = 1;
			remoteGlobalIDString = A24644302FEB424700DFECC5;
			remoteInfo = "PPS Receipt Printer";
		};
/* End PBXContainerItemProxy section */

/* Begin PBXFileReference section */
		A2143ED92FF2B234003C0285 /* BluetoothPrinter.swift */ = {isa = PBXFileReference; lastKnownFileType = sourcecode.swift; path = BluetoothPrinter.swift; sourceTree = "<group>"; };
		A2143F3B3003EF8B003C0285 /* InvoicePDFRenderer.swift */ = {isa = PBXFileReference; lastKnownFileType = sourcecode.swift; path = InvoicePDFRenderer.swift; sourceTree = "<group>"; };
		A2143F3D300402C3003C0285 /* ThermalReceiptRenderer.swift */ = {isa = PBXFileReference; lastKnownFileType = sourcecode.swift; path = ThermalReceiptRenderer.swift; sourceTree = "<group>"; };
		A2143F41300407F9003C0285 /* ActivityView.swift */ = {isa = PBXFileReference; lastKnownFileType = sourcecode.swift; path = ActivityView.swift; sourceTree = "<group>"; };
		A2143F43300461B7003C0285 /* EstimatePDFRenderer.swift */ = {isa = PBXFileReference; lastKnownFileType = sourcecode.swift; path = EstimatePDFRenderer.swift; sourceTree = "<group>"; };
		A24644312FEB424700DFECC5 /* PPS Receipt Printer.app */ = {isa = PBXFileReference; explicitFileType = wrapper.application; includeInIndex = 0; path = "PPS Receipt Printer.app"; sourceTree = BUILT_PRODUCTS_DIR; };
		A246443E2FEB424900DFECC5 /* PPS Receipt PrinterTests.xctest */ = {isa = PBXFileReference; explicitFileType = wrapper.cfbundle; includeInIndex = 0; path = "PPS Receipt PrinterTests.xctest"; sourceTree = BUILT_PRODUCTS_DIR; };
		A24644482FEB424900DFECC5 /* PPS Receipt PrinterUITests.xctest */ = {isa = PBXFileReference; explicitFileType = wrapper.cfbundle; includeInIndex = 0; path = "PPS Receipt PrinterUITests.xctest"; sourceTree = BUILT_PRODUCTS_DIR; };
/* End PBXFileReference section */

/* Begin PBXFileSystemSynchronizedRootGroup section */
		A24644332FEB424700DFECC5 /* PPS Receipt Printer */ = {
			isa = PBXFileSystemSynchronizedRootGroup;
			path = "PPS Receipt Printer";
			sourceTree = "<group>";
		};
		A24644412FEB424900DFECC5 /* PPS Receipt PrinterTests */ = {
			isa = PBXFileSystemSynchronizedRootGroup;
			path = "PPS Receipt PrinterTests";
			sourceTree = "<group>";
		};
		A246444B2FEB424900DFECC5 /* PPS Receipt PrinterUITests */ = {
			isa = PBXFileSystemSynchronizedRootGroup;
			path = "PPS Receipt PrinterUITests";
			sourceTree = "<group>";
		};
/* End PBXFileSystemSynchronizedRootGroup section */

/* Begin PBXFrameworksBuildPhase section */
		A246442E2FEB424700DFECC5 /* Frameworks */ = {
			isa = PBXFrameworksBuildPhase;
			buildActionMask = 2147483647;
			files = (
			);
			runOnlyForDeploymentPostprocessing = 0;
		};
		A246443B2FEB424900DFECC5 /* Frameworks */ = {
			isa = PBXFrameworksBuildPhase;
			buildActionMask = 2147483647;
			files = (
			);
			runOnlyForDeploymentPostprocessing = 0;
		};
		A24644452FEB424900DFECC5 /* Frameworks */ = {
			isa = PBXFrameworksBuildPhase;
			buildActionMask = 2147483647;
			files = (
			);
			runOnlyForDeploymentPostprocessing = 0;
		};
/* End PBXFrameworksBuildPhase section */

/* Begin PBXGroup section */
		A2143F45300471DA003C0285 /* Printing */ = {
			isa = PBXGroup;
			children = (
				A2143ED92FF2B234003C0285 /* BluetoothPrinter.swift */,
			);
			path = Printing;
			sourceTree = "<group>";
		};
		A2143F4730047247003C0285 /* Rendering PDF */ = {
			isa = PBXGroup;
			children = (
				A2143F3B3003EF8B003C0285 /* InvoicePDFRenderer.swift */,
				A2143F43300461B7003C0285 /* EstimatePDFRenderer.swift */,
			);
			path = "Rendering PDF";
			sourceTree = "<group>";
		};
		A2143F4830047262003C0285 /* Sharing */ = {
			isa = PBXGroup;
			children = (
				A2143F41300407F9003C0285 /* ActivityView.swift */,
			);
			path = Sharing;
			sourceTree = "<group>";
		};
		A2143F49300472A3003C0285 /* Rendering Thermal */ = {
			isa = PBXGroup;
			children = (
				A2143F3D300402C3003C0285 /* ThermalReceiptRenderer.swift */,
			);
			path = "Rendering Thermal";
			sourceTree = "<group>";
		};
		A24644282FEB424700DFECC5 = {
			isa = PBXGroup;
			children = (
				A24644332FEB424700DFECC5 /* PPS Receipt Printer */,
				A2143F49300472A3003C0285 /* Rendering Thermal */,
				A2143F4830047262003C0285 /* Sharing */,
				A2143F4730047247003C0285 /* Rendering PDF */,
				A2143F45300471DA003C0285 /* Printing */,
				A24644412FEB424900DFECC5 /* PPS Receipt PrinterTests */,
				A246444B2FEB424900DFECC5 /* PPS Receipt PrinterUITests */,
				A24644322FEB424700DFECC5 /* Products */,
			);
			sourceTree = "<group>";
		};
		A24644322FEB424700DFECC5 /* Products */ = {
			isa = PBXGroup;
			children = (
				A24644312FEB424700DFECC5 /* PPS Receipt Printer.app */,
				A246443E2FEB424900DFECC5 /* PPS Receipt PrinterTests.xctest */,
				A24644482FEB424900DFECC5 /* PPS Receipt PrinterUITests.xctest */,
			);
			name = Products;
			sourceTree = "<group>";
		};
/* End PBXGroup section */

/* Begin PBXNativeTarget section */
		A24644302FEB424700DFECC5 /* PPS Receipt Printer */ = {
			isa = PBXNativeTarget;
			buildConfigurationList = A24644522FEB424900DFECC5 /* Build configuration list for PBXNativeTarget "PPS Receipt Printer" */;
			buildPhases = (
				A246442D2FEB424700DFECC5 /* Sources */,
				A246442E2FEB424700DFECC5 /* Frameworks */,
				A246442F2FEB424700DFECC5 /* Resources */,
			);
			buildRules = (
			);
			dependencies = (
			);
			fileSystemSynchronizedGroups = (
				A24644332FEB424700DFECC5 /* PPS Receipt Printer */,
			);
			name = "PPS Receipt Printer";
			packageProductDependencies = (
			);
			productName = "PPS Receipt Printer";
			productReference = A24644312FEB424700DFECC5 /* PPS Receipt Printer.app */;
			productType = "com.apple.product-type.application";
		};
		A246443D2FEB424900DFECC5 /* PPS Receipt PrinterTests */ = {
			isa = PBXNativeTarget;
			buildConfigurationList = A24644552FEB424900DFECC5 /* Build configuration list for PBXNativeTarget "PPS Receipt PrinterTests" */;
			buildPhases = (
				A246443A2FEB424900DFECC5 /* Sources */,
				A246443B2FEB424900DFECC5 /* Frameworks */,
				A246443C2FEB424900DFECC5 /* Resources */,
			);
			buildRules = (
			);
			dependencies = (
				A24644402FEB424900DFECC5 /* PBXTargetDependency */,
			);
			fileSystemSynchronizedGroups = (
				A24644412FEB424900DFECC5 /* PPS Receipt PrinterTests */,
			);
			name = "PPS Receipt PrinterTests";
			packageProductDependencies = (
			);
			productName = "PPS Receipt PrinterTests";
			productReference = A246443E2FEB424900DFECC5 /* PPS Receipt PrinterTests.xctest */;
			productType = "com.apple.product-type.bundle.unit-test";
		};
		A24644472FEB424900DFECC5 /* PPS Receipt PrinterUITests */ = {
			isa = PBXNativeTarget;
			buildConfigurationList = A24644582FEB424900DFECC5 /* Build configuration list for PBXNativeTarget "PPS Receipt PrinterUITests" */;
			buildPhases = (
				A24644442FEB424900DFECC5 /* Sources */,
				A24644452FEB424900DFECC5 /* Frameworks */,
				A24644462FEB424900DFECC5 /* Resources */,
			);
			buildRules = (
			);
			dependencies = (
				A246444A2FEB424900DFECC5 /* PBXTargetDependency */,
			);
			fileSystemSynchronizedGroups = (
				A246444B2FEB424900DFECC5 /* PPS Receipt PrinterUITests */,
			);
			name = "PPS Receipt PrinterUITests";
			packageProductDependencies = (
			);
			productName = "PPS Receipt PrinterUITests";
			productReference = A24644482FEB424900DFECC5 /* PPS Receipt PrinterUITests.xctest */;
			productType = "com.apple.product-type.bundle.ui-testing";
		};
/* End PBXNativeTarget section */

/* Begin PBXProject section */
		A24644292FEB424700DFECC5 /* Project object */ = {
			isa = PBXProject;
			attributes = {
				BuildIndependentTargetsInParallel = 1;
				LastSwiftUpdateCheck = 2650;
				LastUpgradeCheck = 2660;
				TargetAttributes = {
					A24644302FEB424700DFECC5 = {
						CreatedOnToolsVersion = 26.5;
					};
					A246443D2FEB424900DFECC5 = {
						CreatedOnToolsVersion = 26.5;
						TestTargetID = A24644302FEB424700DFECC5;
					};
					A24644472FEB424900DFECC5 = {
						CreatedOnToolsVersion = 26.5;
						TestTargetID = A24644302FEB424700DFECC5;
					};
				};
			};
			buildConfigurationList = A246442C2FEB424700DFECC5 /* Build configuration list for PBXProject "PPS Receipt Printer" */;
			developmentRegion = en;
			hasScannedForEncodings = 0;
			knownRegions = (
				en,
				Base,
			);
			mainGroup = A24644282FEB424700DFECC5;
			minimizedProjectReferenceProxies = 1;
			preferredProjectObjectVersion = 77;
			productRefGroup = A24644322FEB424700DFECC5 /* Products */;
			projectDirPath = "";
			projectRoot = "";
			targets = (
				A24644302FEB424700DFECC5 /* PPS Receipt Printer */,
				A246443D2FEB424900DFECC5 /* PPS Receipt PrinterTests */,
				A24644472FEB424900DFECC5 /* PPS Receipt PrinterUITests */,
			);
		};
/* End PBXProject section */

/* Begin PBXResourcesBuildPhase section */
		A246442F2FEB424700DFECC5 /* Resources */ = {
			isa = PBXResourcesBuildPhase;
			buildActionMask = 2147483647;
			files = (
			);
			runOnlyForDeploymentPostprocessing = 0;
		};
		A246443C2FEB424900DFECC5 /* Resources */ = {
			isa = PBXResourcesBuildPhase;
			buildActionMask = 2147483647;
			files = (
			);
			runOnlyForDeploymentPostprocessing = 0;
		};
		A24644462FEB424900DFECC5 /* Resources */ = {
			isa = PBXResourcesBuildPhase;
			buildActionMask = 2147483647;
			files = (
			);
			runOnlyForDeploymentPostprocessing = 0;
		};
/* End PBXResourcesBuildPhase section */

/* Begin PBXSourcesBuildPhase section */
		A246442D2FEB424700DFECC5 /* Sources */ = {
			isa = PBXSourcesBuildPhase;
			buildActionMask = 2147483647;
			files = (
				A2143EED2FF2B234003C0285 /* BluetoothPrinter.swift in Sources */,
				A2143F44300461B7003C0285 /* EstimatePDFRenderer.swift in Sources */,
				A2143F42300407F9003C0285 /* ActivityView.swift in Sources */,
				A2143F3C3003EF8B003C0285 /* InvoicePDFRenderer.swift in Sources */,
				A2143F3E300402C3003C0285 /* ThermalReceiptRenderer.swift in Sources */,
			);
			runOnlyForDeploymentPostprocessing = 0;
		};
		A246443A2FEB424900DFECC5 /* Sources */ = {
			isa = PBXSourcesBuildPhase;
			buildActionMask = 2147483647;
			files = (
			);
			runOnlyForDeploymentPostprocessing = 0;
		};
		A24644442FEB424900DFECC5 /* Sources */ = {
			isa = PBXSourcesBuildPhase;
			buildActionMask = 2147483647;
			files = (
			);
			runOnlyForDeploymentPostprocessing = 0;
		};
/* End PBXSourcesBuildPhase section */

/* Begin PBXTargetDependency section */
		A24644402FEB424900DFECC5 /* PBXTargetDependency */ = {
			isa = PBXTargetDependency;
			target = A24644302FEB424700DFECC5 /* PPS Receipt Printer */;
			targetProxy = A246443F2FEB424900DFECC5 /* PBXContainerItemProxy */;
		};
		A246444A2FEB424900DFECC5 /* PBXTargetDependency */ = {
			isa = PBXTargetDependency;
			target = A24644302FEB424700DFECC5 /* PPS Receipt Printer */;
			targetProxy = A24644492FEB424900DFECC5 /* PBXContainerItemProxy */;
		};
/* End PBXTargetDependency section */

/* Begin XCBuildConfiguration section */
		A24644502FEB424900DFECC5 /* Debug */ = {
			isa = XCBuildConfiguration;
			buildSettings = {
				ALWAYS_SEARCH_USER_PATHS = NO;
				ASSETCATALOG_COMPILER_GENERATE_SWIFT_ASSET_SYMBOL_EXTENSIONS = YES;
				CLANG_ANALYZER_NONNULL = YES;
				CLANG_ANALYZER_NUMBER_OBJECT_CONVERSION = YES_AGGRESSIVE;
				CLANG_CXX_LANGUAGE_STANDARD = "gnu++20";
				CLANG_ENABLE_MODULES = YES;
				CLANG_ENABLE_OBJC_ARC = YES;
				CLANG_ENABLE_OBJC_WEAK = YES;
				CLANG_WARN_BLOCK_CAPTURE_AUTORELEASING = YES;
				CLANG_WARN_BOOL_CONVERSION = YES;
				CLANG_WARN_COMMA = YES;
				CLANG_WARN_CONSTANT_CONVERSION = YES;
				CLANG_WARN_DEPRECATED_OBJC_IMPLEMENTATIONS = YES;
				CLANG_WARN_DIRECT_OBJC_ISA_USAGE = YES_ERROR;
				CLANG_WARN_DOCUMENTATION_COMMENTS = YES;
				CLANG_WARN_EMPTY_BODY = YES;
				CLANG_WARN_ENUM_CONVERSION = YES;
				CLANG_WARN_INFINITE_RECURSION = YES;
				CLANG_WARN_INT_CONVERSION = YES;
				CLANG_WARN_NON_LITERAL_NULL_CONVERSION = YES;
				CLANG_WARN_OBJC_IMPLICIT_RETAIN_SELF = YES;
				CLANG_WARN_OBJC_LITERAL_CONVERSION = YES;
				CLANG_WARN_OBJC_ROOT_CLASS = YES_ERROR;
				CLANG_WARN_QUOTED_INCLUDE_IN_FRAMEWORK_HEADER = YES;
				CLANG_WARN_RANGE_LOOP_ANALYSIS = YES;
				CLANG_WARN_STRICT_PROTOTYPES = YES;
				CLANG_WARN_SUSPICIOUS_MOVE = YES;
				CLANG_WARN_UNGUARDED_AVAILABILITY = YES_AGGRESSIVE;
				CLANG_WARN_UNREACHABLE_CODE = YES;
				CLANG_WARN__DUPLICATE_METHOD_MATCH = YES;
				COPY_PHASE_STRIP = NO;
				DEBUG_INFORMATION_FORMAT = dwarf;
				ENABLE_STRICT_OBJC_MSGSEND = YES;
				ENABLE_TESTABILITY = YES;
				ENABLE_USER_SCRIPT_SANDBOXING = YES;
				GCC_C_LANGUAGE_STANDARD = gnu17;
				GCC_DYNAMIC_NO_PIC = NO;
				GCC_NO_COMMON_BLOCKS = YES;
				GCC_OPTIMIZATION_LEVEL = 0;
				GCC_PREPROCESSOR_DEFINITIONS = (
					"DEBUG=1",
					"$(inherited)",
				);
				GCC_WARN_64_TO_32_BIT_CONVERSION = YES;
				GCC_WARN_ABOUT_RETURN_TYPE = YES_ERROR;
				GCC_WARN_UNDECLARED_SELECTOR = YES;
				GCC_WARN_UNINITIALIZED_AUTOS = YES_AGGRESSIVE;
				GCC_WARN_UNUSED_FUNCTION = YES;
				GCC_WARN_UNUSED_VARIABLE = YES;
				IPHONEOS_DEPLOYMENT_TARGET = 26.5;
				LOCALIZATION_PREFERS_STRING_CATALOGS = YES;
				MTL_ENABLE_DEBUG_INFO = INCLUDE_SOURCE;
				MTL_FAST_MATH = YES;
				ONLY_ACTIVE_ARCH = YES;
				SDKROOT = iphoneos;
				STRING_CATALOG_GENERATE_SYMBOLS = YES;
				SWIFT_ACTIVE_COMPILATION_CONDITIONS = "DEBUG $(inherited)";
				SWIFT_OPTIMIZATION_LEVEL = "-Onone";
			};
			name = Debug;
		};
		A24644512FEB424900DFECC5 /* Release */ = {
			isa = XCBuildConfiguration;
			buildSettings = {
				ALWAYS_SEARCH_USER_PATHS = NO;
				ASSETCATALOG_COMPILER_GENERATE_SWIFT_ASSET_SYMBOL_EXTENSIONS = YES;
				CLANG_ANALYZER_NONNULL = YES;
				CLANG_ANALYZER_NUMBER_OBJECT_CONVERSION = YES_AGGRESSIVE;
				CLANG_CXX_LANGUAGE_STANDARD = "gnu++20";
				CLANG_ENABLE_MODULES = YES;
				CLANG_ENABLE_OBJC_ARC = YES;
				CLANG_ENABLE_OBJC_WEAK = YES;
				CLANG_WARN_BLOCK_CAPTURE_AUTORELEASING = YES;
				CLANG_WARN_BOOL_CONVERSION = YES;
				CLANG_WARN_COMMA = YES;
				CLANG_WARN_CONSTANT_CONVERSION = YES;
				CLANG_WARN_DEPRECATED_OBJC_IMPLEMENTATIONS = YES;
				CLANG_WARN_DIRECT_OBJC_ISA_USAGE = YES_ERROR;
				CLANG_WARN_DOCUMENTATION_COMMENTS = YES;
				CLANG_WARN_EMPTY_BODY = YES;
				CLANG_WARN_ENUM_CONVERSION = YES;
				CLANG_WARN_INFINITE_RECURSION = YES;
				CLANG_WARN_INT_CONVERSION = YES;
				CLANG_WARN_NON_LITERAL_NULL_CONVERSION = YES;
				CLANG_WARN_OBJC_IMPLICIT_RETAIN_SELF = YES;
				CLANG_WARN_OBJC_LITERAL_CONVERSION = YES;
				CLANG_WARN_OBJC_ROOT_CLASS = YES_ERROR;
				CLANG_WARN_QUOTED_INCLUDE_IN_FRAMEWORK_HEADER = YES;
				CLANG_WARN_RANGE_LOOP_ANALYSIS = YES;
				CLANG_WARN_STRICT_PROTOTYPES = YES;
				CLANG_WARN_SUSPICIOUS_MOVE = YES;
				CLANG_WARN_UNGUARDED_AVAILABILITY = YES_AGGRESSIVE;
				CLANG_WARN_UNREACHABLE_CODE = YES;
				CLANG_WARN__DUPLICATE_METHOD_MATCH = YES;
				COPY_PHASE_STRIP = NO;
				DEBUG_INFORMATION_FORMAT = "dwarf-with-dsym";
				ENABLE_NS_ASSERTIONS = NO;
				ENABLE_STRICT_OBJC_MSGSEND = YES;
				ENABLE_USER_SCRIPT_SANDBOXING = YES;
				GCC_C_LANGUAGE_STANDARD = gnu17;
				GCC_NO_COMMON_BLOCKS = YES;
				GCC_WARN_64_TO_32_BIT_CONVERSION = YES;
				GCC_WARN_ABOUT_RETURN_TYPE = YES_ERROR;
				GCC_WARN_UNDECLARED_SELECTOR = YES;
				GCC_WARN_UNINITIALIZED_AUTOS = YES_AGGRESSIVE;
				GCC_WARN_UNUSED_FUNCTION = YES;
				GCC_WARN_UNUSED_VARIABLE = YES;
				IPHONEOS_DEPLOYMENT_TARGET = 26.5;
				LOCALIZATION_PREFERS_STRING_CATALOGS = YES;
				MTL_ENABLE_DEBUG_INFO = NO;
				MTL_FAST_MATH = YES;
				SDKROOT = iphoneos;
				STRING_CATALOG_GENERATE_SYMBOLS = YES;
				SWIFT_COMPILATION_MODE = wholemodule;
				VALIDATE_PRODUCT = YES;
			};
			name = Release;
		};
		A24644532FEB424900DFECC5 /* Debug */ = {
			isa = XCBuildConfiguration;
			buildSettings = {
				ASSETCATALOG_COMPILER_APPICON_NAME = AppIcon;
				ASSETCATALOG_COMPILER_GLOBAL_ACCENT_COLOR_NAME = AccentColor;
				CODE_SIGN_STYLE = Automatic;
				CURRENT_PROJECT_VERSION = 1;
				DEVELOPMENT_TEAM = GPB2DAL564;
				ENABLE_PREVIEWS = YES;
				GENERATE_INFOPLIST_FILE = YES;
				INFOPLIST_KEY_NSBluetoothAlwaysUsageDescription = "This app uses Bluetooth to connect to the receipt printer.";
				INFOPLIST_KEY_NSLocationWhenInUseUsageDescription = "PFSS uses your location to optimize your daily service route and provide turn-by-turn navigation to customer appointments.";
				INFOPLIST_KEY_UIApplicationSceneManifest_Generation = YES;
				INFOPLIST_KEY_UIApplicationSupportsIndirectInputEvents = YES;
				INFOPLIST_KEY_UILaunchScreen_Generation = YES;
				INFOPLIST_KEY_UISupportedInterfaceOrientations_iPad = "UIInterfaceOrientationPortrait UIInterfaceOrientationPortraitUpsideDown UIInterfaceOrientationLandscapeLeft UIInterfaceOrientationLandscapeRight";
				INFOPLIST_KEY_UISupportedInterfaceOrientations_iPhone = "UIInterfaceOrientationPortrait UIInterfaceOrientationLandscapeLeft UIInterfaceOrientationLandscapeRight";
				LD_RUNPATH_SEARCH_PATHS = (
					"$(inherited)",
					"@executable_path/Frameworks",
				);
				MARKETING_VERSION = 1.0;
				PRODUCT_BUNDLE_IDENTIFIER = "com.patriot.PPS-Receipt-Printer";
				PRODUCT_NAME = "$(TARGET_NAME)";
				STRING_CATALOG_GENERATE_SYMBOLS = YES;
				SWIFT_APPROACHABLE_CONCURRENCY = YES;
				SWIFT_DEFAULT_ACTOR_ISOLATION = MainActor;
				SWIFT_EMIT_LOC_STRINGS = YES;
				SWIFT_UPCOMING_FEATURE_MEMBER_IMPORT_VISIBILITY = YES;
				SWIFT_VERSION = 5.0;
				TARGETED_DEVICE_FAMILY = "1,2";
			};
			name = Debug;
		};
		A24644542FEB424900DFECC5 /* Release */ = {
			isa = XCBuildConfiguration;
			buildSettings = {
				ASSETCATALOG_COMPILER_APPICON_NAME = AppIcon;
				ASSETCATALOG_COMPILER_GLOBAL_ACCENT_COLOR_NAME = AccentColor;
				CODE_SIGN_STYLE = Automatic;
				CURRENT_PROJECT_VERSION = 1;
				DEVELOPMENT_TEAM = GPB2DAL564;
				ENABLE_PREVIEWS = YES;
				GENERATE_INFOPLIST_FILE = YES;
				INFOPLIST_KEY_NSBluetoothAlwaysUsageDescription = "This app uses Bluetooth to connect to the receipt printer.";
				INFOPLIST_KEY_NSLocationWhenInUseUsageDescription = "PFSS uses your location to optimize your daily service route and provide turn-by-turn navigation to customer appointments.";
				INFOPLIST_KEY_UIApplicationSceneManifest_Generation = YES;
				INFOPLIST_KEY_UIApplicationSupportsIndirectInputEvents = YES;
				INFOPLIST_KEY_UILaunchScreen_Generation = YES;
				INFOPLIST_KEY_UISupportedInterfaceOrientations_iPad = "UIInterfaceOrientationPortrait UIInterfaceOrientationPortraitUpsideDown UIInterfaceOrientationLandscapeLeft UIInterfaceOrientationLandscapeRight";
				INFOPLIST_KEY_UISupportedInterfaceOrientations_iPhone = "UIInterfaceOrientationPortrait UIInterfaceOrientationLandscapeLeft UIInterfaceOrientationLandscapeRight";
				LD_RUNPATH_SEARCH_PATHS = (
					"$(inherited)",
					"@executable_path/Frameworks",
				);
				MARKETING_VERSION = 1.0;
				PRODUCT_BUNDLE_IDENTIFIER = "com.patriot.PPS-Receipt-Printer";
				PRODUCT_NAME = "$(TARGET_NAME)";
				STRING_CATALOG_GENERATE_SYMBOLS = YES;
				SWIFT_APPROACHABLE_CONCURRENCY = YES;
				SWIFT_DEFAULT_ACTOR_ISOLATION = MainActor;
				SWIFT_EMIT_LOC_STRINGS = YES;
				SWIFT_UPCOMING_FEATURE_MEMBER_IMPORT_VISIBILITY = YES;
				SWIFT_VERSION = 5.0;
				TARGETED_DEVICE_FAMILY = "1,2";
			};
			name = Release;
		};
		A24644562FEB424900DFECC5 /* Debug */ = {
			isa = XCBuildConfiguration;
			buildSettings = {
				BUNDLE_LOADER = "$(TEST_HOST)";
				CODE_SIGN_STYLE = Automatic;
				CURRENT_PROJECT_VERSION = 1;
				GENERATE_INFOPLIST_FILE = YES;
				IPHONEOS_DEPLOYMENT_TARGET = 26.5;
				MARKETING_VERSION = 1.0;
				PRODUCT_BUNDLE_IDENTIFIER = "com.patriot.PPS-Receipt-PrinterTests";
				PRODUCT_NAME = "$(TARGET_NAME)";
				STRING_CATALOG_GENERATE_SYMBOLS = NO;
				SWIFT_APPROACHABLE_CONCURRENCY = YES;
				SWIFT_EMIT_LOC_STRINGS = NO;
				SWIFT_UPCOMING_FEATURE_MEMBER_IMPORT_VISIBILITY = YES;
				SWIFT_VERSION = 5.0;
				TARGETED_DEVICE_FAMILY = "1,2";
				TEST_HOST = "$(BUILT_PRODUCTS_DIR)/PPS Receipt Printer.app/$(BUNDLE_EXECUTABLE_FOLDER_PATH)/PPS Receipt Printer";
			};
			name = Debug;
		};
		A24644572FEB424900DFECC5 /* Release */ = {
			isa = XCBuildConfiguration;
			buildSettings = {
				BUNDLE_LOADER = "$(TEST_HOST)";
				CODE_SIGN_STYLE = Automatic;
				CURRENT_PROJECT_VERSION = 1;
				GENERATE_INFOPLIST_FILE = YES;
				IPHONEOS_DEPLOYMENT_TARGET = 26.5;
				MARKETING_VERSION = 1.0;
				PRODUCT_BUNDLE_IDENTIFIER = "com.patriot.PPS-Receipt-PrinterTests";
				PRODUCT_NAME = "$(TARGET_NAME)";
				STRING_CATALOG_GENERATE_SYMBOLS = NO;
				SWIFT_APPROACHABLE_CONCURRENCY = YES;
				SWIFT_EMIT_LOC_STRINGS = NO;
				SWIFT_UPCOMING_FEATURE_MEMBER_IMPORT_VISIBILITY = YES;
				SWIFT_VERSION = 5.0;
				TARGETED_DEVICE_FAMILY = "1,2";
				TEST_HOST = "$(BUILT_PRODUCTS_DIR)/PPS Receipt Printer.app/$(BUNDLE_EXECUTABLE_FOLDER_PATH)/PPS Receipt Printer";
			};
			name = Release;
		};
		A24644592FEB424900DFECC5 /* Debug */ = {
			isa = XCBuildConfiguration;
			buildSettings = {
				CODE_SIGN_STYLE = Automatic;
				CURRENT_PROJECT_VERSION = 1;
				GENERATE_INFOPLIST_FILE = YES;
				MARKETING_VERSION = 1.0;
				PRODUCT_BUNDLE_IDENTIFIER = "com.patriot.PPS-Receipt-PrinterUITests";
				PRODUCT_NAME = "$(TARGET_NAME)";
				STRING_CATALOG_GENERATE_SYMBOLS = NO;
				SWIFT_APPROACHABLE_CONCURRENCY = YES;
				SWIFT_EMIT_LOC_STRINGS = NO;
				SWIFT_UPCOMING_FEATURE_MEMBER_IMPORT_VISIBILITY = YES;
				SWIFT_VERSION = 5.0;
				TARGETED_DEVICE_FAMILY = "1,2";
				TEST_TARGET_NAME = "PPS Receipt Printer";
			};
			name = Debug;
		};
		A246445A2FEB424900DFECC5 /* Release */ = {
			isa = XCBuildConfiguration;
			buildSettings = {
				CODE_SIGN_STYLE = Automatic;
				CURRENT_PROJECT_VERSION = 1;
				GENERATE_INFOPLIST_FILE = YES;
				MARKETING_VERSION = 1.0;
				PRODUCT_BUNDLE_IDENTIFIER = "com.patriot.PPS-Receipt-PrinterUITests";
				PRODUCT_NAME = "$(TARGET_NAME)";
				STRING_CATALOG_GENERATE_SYMBOLS = NO;
				SWIFT_APPROACHABLE_CONCURRENCY = YES;
				SWIFT_EMIT_LOC_STRINGS = NO;
				SWIFT_UPCOMING_FEATURE_MEMBER_IMPORT_VISIBILITY = YES;
				SWIFT_VERSION = 5.0;
				TARGETED_DEVICE_FAMILY = "1,2";
				TEST_TARGET_NAME = "PPS Receipt Printer";
			};
			name = Release;
		};
/* End XCBuildConfiguration section */

/* Begin XCConfigurationList section */
		A246442C2FEB424700DFECC5 /* Build configuration list for PBXProject "PPS Receipt Printer" */ = {
			isa = XCConfigurationList;
			buildConfigurations = (
				A24644502FEB424900DFECC5 /* Debug */,
				A24644512FEB424900DFECC5 /* Release */,
			);
			defaultConfigurationIsVisible = 0;
			defaultConfigurationName = Release;
		};
		A24644522FEB424900DFECC5 /* Build configuration list for PBXNativeTarget "PPS Receipt Printer" */ = {
			isa = XCConfigurationList;
			buildConfigurations = (
				A24644532FEB424900DFECC5 /* Debug */,
				A24644542FEB424900DFECC5 /* Release */,
			);
			defaultConfigurationIsVisible = 0;
			defaultConfigurationName = Release;
		};
		A24644552FEB424900DFECC5 /* Build configuration list for PBXNativeTarget "PPS Receipt PrinterTests" */ = {
			isa = XCConfigurationList;
			buildConfigurations = (
				A24644562FEB424900DFECC5 /* Debug */,
				A24644572FEB424900DFECC5 /* Release */,
			);
			defaultConfigurationIsVisible = 0;
			defaultConfigurationName = Release;
		};
		A24644582FEB424900DFECC5 /* Build configuration list for PBXNativeTarget "PPS Receipt PrinterUITests" */ = {
			isa = XCConfigurationList;
			buildConfigurations = (
				A24644592FEB424900DFECC5 /* Debug */,
				A246445A2FEB424900DFECC5 /* Release */,
			);
			defaultConfigurationIsVisible = 0;
			defaultConfigurationName = Release;
		};
/* End XCConfigurationList section */
	};
	rootObject = A24644292FEB424700DFECC5 /* Project object */;
}
